
Microsoft Visual Studio Solution File, Format Version 12.00
# Visual Studio Version 17
VisualStudioVersion = 17.6.33829.357
MinimumVisualStudioVersion = 10.0.40219.1
Project("{8BC9CEB8-8B4A-11D0-8D11-00A0C91BC942}") = "Ex.OOP", "Ex.OOP\Ex.OOP.vcxproj", "{512C57B2-230E-4BA8-AC6E-A7B388C1A9BF}"
EndProject
Project("{8BC9CEB8-8B4A-11D0-8D11-00A0C91BC942}") = "Ex.OOP2", "Ex.OOP2\Ex.OOP2.vcxproj", "{9EDB6063-5E4D-4BC1-B8D4-0E652EAFEE22}"
EndProject
Project("{8BC9CEB8-8B4A-11D0-8D11-00A0C91BC942}") = "OnTap1_PhanSo", "OnTap\OnTap.vcxproj", "{1BE80852-FBA8-4E0F-9D8F-F6C338B01D4B}"
EndProject
Project("{8BC9CEB8-8B4A-11D0-8D11-00A0C91BC942}") = "OnTap2_ToaDo2Diem", "OnTap2_ToaDo2Diem\OnTap2_ToaDo2Diem.vcxproj", "{B06A99F8-4E10-4951-B34C-8F22C219B732}"
EndProject
Project("{8BC9CEB8-8B4A-11D0-8D11-00A0C91BC942}") = "OnTap3_PhanSoLonNhat", "OnTap3_PhanSoLonNhat\OnTap3_PhanSoLonNhat.vcxproj", "{6D1EE7B3-1658-4528-AB9F-C2BFF6A05CE9}"
EndProject
Project("{8BC9CEB8-8B4A-11D0-8D11-00A0C91BC942}") = "OnTap4_PhanSo_Tinh-Tong-Hieu-Tich-Thuong", "OnTap4_PhanSo_Tinh-Tong-Hieu-Tich-Thuong\OnTap4_PhanSo_Tinh-Tong-Hieu-Tich-Thuong.vcxproj", "{FAA42F19-300B-4714-8765-70002DD76F0A}"
EndProject
Project("{8BC9CEB8-8B4A-11D0-8D11-00A0C91BC942}") = "OnTap5_SoPhuc_TinhTong-Hieu-Tich-Thuong", "OnTap5_SoPhuc_TinhTong-Hieu-Tich-Thuong\OnTap5_SoPhuc_TinhTong-Hieu-Tich-Thuong.vcxproj", "{61D8F03E-98D8-4C7E-BC7F-9ED9C809961A}"
EndProject
Project("{8BC9CEB8-8B4A-11D0-8D11-00A0C91BC942}") = "OnTap8_TamGiac", "OnTap8_TamGiac\OnTap8_TamGiac.vcxproj", "{AA53EF89-E06B-4FFD-906F-8A43131DDC8C}"
EndProject
Project("{8BC9CEB8-8B4A-11D0-8D11-00A0C91BC942}") = "OnTap9_ToaDoDuongTron", "OnTap9_ToaDoDuongTron\OnTap9_ToaDoDuongTron.vcxproj", "{FC385D0E-0E6E-41ED-A7FC-B417542575EB}"
EndProject
Project("{8BC9CEB8-8B4A-11D0-8D11-00A0C91BC942}") = "OOP1_Nhap_TinhDiemHS", "BT1_OOP_Nhap_TinhDiemHS\BT1_OOP_Nhap_TinhDiemHS.vcxproj", "{98747483-D192-461E-94E6-DE03018245ED}"
EndProject
Project("{8BC9CEB8-8B4A-11D0-8D11-00A0C91BC942}") = "OOP2_PhanSo", "OOP2_PhanSo\OOP2_PhanSo.vcxproj", "{E6037C07-3353-406F-8922-FD3FDD57635E}"
EndProject
Project("{8BC9CEB8-8B4A-11D0-8D11-00A0C91BC942}") = "OOP3_ToaDo2Diem", "OOP3_ToaDo2Diem\OOP3_ToaDo2Diem.vcxproj", "{3080DF31-A189-41BE-8411-EF6A80C66EDE}"
EndProject
Project("{8BC9CEB8-8B4A-11D0-8D11-00A0C91BC942}") = "OOP4_PhanSo_AmDuong", "OOP4_PhanSo_AmDuong\OOP4_PhanSo_AmDuong.vcxproj", "{7D9CFACF-C01F-4FAA-906D-0D9BFA9AA76B}"
EndProject
Project("{8BC9CEB8-8B4A-11D0-8D11-00A0C91BC942}") = "OOP5_ToadoDiemKG", "OOP5_ToadoDiemKG\OOP5_ToadoDiemKG.vcxproj", "{B0DE8ABB-52E6-43A3-911E-382BD4D463AA}"
EndProject
Project("{8BC9CEB8-8B4A-11D0-8D11-00A0C91BC942}") = "PhuongThucThietLap", "PhuongThucThietLap\PhuongThucThietLap.vcxproj", "{15A5D637-95A3-4267-B7A4-A03F61105E21}"
EndProject
Project("{8BC9CEB8-8B4A-11D0-8D11-00A0C91BC942}") = "PhuongThucPhaHuy", "PhuongThucPhaHuy\PhuongThucPhaHuy.vcxproj", "{77EE2249-8AF6-4FDF-90AC-8D2C34BD6F9F}"
EndProject
Project("{8BC9CEB8-8B4A-11D0-8D11-00A0C91BC942}") = "ToanTuSoSanh", "ToanTuSoSanh\ToanTuSoSanh.vcxproj", "{27023250-CD19-44D3-B961-1F6745733DC3}"
EndProject
Project("{8BC9CEB8-8B4A-11D0-8D11-00A0C91BC942}") = "ThietKeLopDoiTuong", "ThietKeLopDoiTuong\ThietKeLopDoiTuong.vcxproj", "{90A2775A-436C-4D3F-B942-13C91E8671C6}"
EndProject
Project("{8BC9CEB8-8B4A-11D0-8D11-00A0C91BC942}") = "Đa xạ", "Đa xạ\Đa xạ.vcxproj", "{1600E974-8060-4404-B4DC-6A429643F312}"
EndProject
Global
	GlobalSection(SolutionConfigurationPlatforms) = preSolution
		Debug|x64 = Debug|x64
		Debug|x86 = Debug|x86
		Release|x64 = Release|x64
		Release|x86 = Release|x86
	EndGlobalSection
	GlobalSection(ProjectConfigurationPlatforms) = postSolution
		{512C57B2-230E-4BA8-AC6E-A7B388C1A9BF}.Debug|x64.ActiveCfg = Debug|x64
		{512C57B2-230E-4BA8-AC6E-A7B388C1A9BF}.Debug|x64.Build.0 = Debug|x64
		{512C57B2-230E-4BA8-AC6E-A7B388C1A9BF}.Debug|x86.ActiveCfg = Debug|Win32
		{512C57B2-230E-4BA8-AC6E-A7B388C1A9BF}.Debug|x86.Build.0 = Debug|Win32
		{512C57B2-230E-4BA8-AC6E-A7B388C1A9BF}.Release|x64.ActiveCfg = Release|x64
		{512C57B2-230E-4BA8-AC6E-A7B388C1A9BF}.Release|x64.Build.0 = Release|x64
		{512C57B2-230E-4BA8-AC6E-A7B388C1A9BF}.Release|x86.ActiveCfg = Release|Win32
		{512C57B2-230E-4BA8-AC6E-A7B388C1A9BF}.Release|x86.Build.0 = Release|Win32
		{9EDB6063-5E4D-4BC1-B8D4-0E652EAFEE22}.Debug|x64.ActiveCfg = Debug|x64
		{9EDB6063-5E4D-4BC1-B8D4-0E652EAFEE22}.Debug|x64.Build.0 = Debug|x64
		{9EDB6063-5E4D-4BC1-B8D4-0E652EAFEE22}.Debug|x86.ActiveCfg = Debug|Win32
		{9EDB6063-5E4D-4BC1-B8D4-0E652EAFEE22}.Debug|x86.Build.0 = Debug|Win32
		{9EDB6063-5E4D-4BC1-B8D4-0E652EAFEE22}.Release|x64.ActiveCfg = Release|x64
		{9EDB6063-5E4D-4BC1-B8D4-0E652EAFEE22}.Release|x64.Build.0 = Release|x64
		{9EDB6063-5E4D-4BC1-B8D4-0E652EAFEE22}.Release|x86.ActiveCfg = Release|Win32
		{9EDB6063-5E4D-4BC1-B8D4-0E652EAFEE22}.Release|x86.Build.0 = Release|Win32
		{1BE80852-FBA8-4E0F-9D8F-F6C338B01D4B}.Debug|x64.ActiveCfg = Debug|x64
		{1BE80852-FBA8-4E0F-9D8F-F6C338B01D4B}.Debug|x64.Build.0 = Debug|x64
		{1BE80852-FBA8-4E0F-9D8F-F6C338B01D4B}.Debug|x86.ActiveCfg = Debug|Win32
		{1BE80852-FBA8-4E0F-9D8F-F6C338B01D4B}.Debug|x86.Build.0 = Debug|Win32
		{1BE80852-FBA8-4E0F-9D8F-F6C338B01D4B}.Release|x64.ActiveCfg = Release|x64
		{1BE80852-FBA8-4E0F-9D8F-F6C338B01D4B}.Release|x64.Build.0 = Release|x64
		{1BE80852-FBA8-4E0F-9D8F-F6C338B01D4B}.Release|x86.ActiveCfg = Release|Win32
		{1BE80852-FBA8-4E0F-9D8F-F6C338B01D4B}.Release|x86.Build.0 = Release|Win32
		{B06A99F8-4E10-4951-B34C-8F22C219B732}.Debug|x64.ActiveCfg = Debug|x64
		{B06A99F8-4E10-4951-B34C-8F22C219B732}.Debug|x64.Build.0 = Debug|x64
		{B06A99F8-4E10-4951-B34C-8F22C219B732}.Debug|x86.ActiveCfg = Debug|Win32
		{B06A99F8-4E10-4951-B34C-8F22C219B732}.Debug|x86.Build.0 = Debug|Win32
		{B06A99F8-4E10-4951-B34C-8F22C219B732}.Release|x64.ActiveCfg = Release|x64
		{B06A99F8-4E10-4951-B34C-8F22C219B732}.Release|x64.Build.0 = Release|x64
		{B06A99F8-4E10-4951-B34C-8F22C219B732}.Release|x86.ActiveCfg = Release|Win32
		{B06A99F8-4E10-4951-B34C-8F22C219B732}.Release|x86.Build.0 = Release|Win32
		{6D1EE7B3-1658-4528-AB9F-C2BFF6A05CE9}.Debug|x64.ActiveCfg = Debug|x64
		{6D1EE7B3-1658-4528-AB9F-C2BFF6A05CE9}.Debug|x64.Build.0 = Debug|x64
		{6D1EE7B3-1658-4528-AB9F-C2BFF6A05CE9}.Debug|x86.ActiveCfg = Debug|Win32
		{6D1EE7B3-1658-4528-AB9F-C2BFF6A05CE9}.Debug|x86.Build.0 = Debug|Win32
		{6D1EE7B3-1658-4528-AB9F-C2BFF6A05CE9}.Release|x64.ActiveCfg = Release|x64
		{6D1EE7B3-1658-4528-AB9F-C2BFF6A05CE9}.Release|x64.Build.0 = Release|x64
		{6D1EE7B3-1658-4528-AB9F-C2BFF6A05CE9}.Release|x86.ActiveCfg = Release|Win32
		{6D1EE7B3-1658-4528-AB9F-C2BFF6A05CE9}.Release|x86.Build.0 = Release|Win32
		{FAA42F19-300B-4714-8765-70002DD76F0A}.Debug|x64.ActiveCfg = Debug|x64
		{FAA42F19-300B-4714-8765-70002DD76F0A}.Debug|x64.Build.0 = Debug|x64
		{FAA42F19-300B-4714-8765-70002DD76F0A}.Debug|x86.ActiveCfg = Debug|Win32
		{FAA42F19-300B-4714-8765-70002DD76F0A}.Debug|x86.Build.0 = Debug|Win32
		{FAA42F19-300B-4714-8765-70002DD76F0A}.Release|x64.ActiveCfg = Release|x64
		{FAA42F19-300B-4714-8765-70002DD76F0A}.Release|x64.Build.0 = Release|x64
		{FAA42F19-300B-4714-8765-70002DD76F0A}.Release|x86.ActiveCfg = Release|Win32
		{FAA42F19-300B-4714-8765-70002DD76F0A}.Release|x86.Build.0 = Release|Win32
		{61D8F03E-98D8-4C7E-BC7F-9ED9C809961A}.Debug|x64.ActiveCfg = Debug|x64
		{61D8F03E-98D8-4C7E-BC7F-9ED9C809961A}.Debug|x64.Build.0 = Debug|x64
		{61D8F03E-98D8-4C7E-BC7F-9ED9C809961A}.Debug|x86.ActiveCfg = Debug|Win32
		{61D8F03E-98D8-4C7E-BC7F-9ED9C809961A}.Debug|x86.Build.0 = Debug|Win32
		{61D8F03E-98D8-4C7E-BC7F-9ED9C809961A}.Release|x64.ActiveCfg = Release|x64
		{61D8F03E-98D8-4C7E-BC7F-9ED9C809961A}.Release|x64.Build.0 = Release|x64
		{61D8F03E-98D8-4C7E-BC7F-9ED9C809961A}.Release|x86.ActiveCfg = Release|Win32
		{61D8F03E-98D8-4C7E-BC7F-9ED9C809961A}.Release|x86.Build.0 = Release|Win32
		{AA53EF89-E06B-4FFD-906F-8A43131DDC8C}.Debug|x64.ActiveCfg = Debug|x64
		{AA53EF89-E06B-4FFD-906F-8A43131DDC8C}.Debug|x64.Build.0 = Debug|x64
		{AA53EF89-E06B-4FFD-906F-8A43131DDC8C}.Debug|x86.ActiveCfg = Debug|Win32
		{AA53EF89-E06B-4FFD-906F-8A43131DDC8C}.Debug|x86.Build.0 = Debug|Win32
		{AA53EF89-E06B-4FFD-906F-8A43131DDC8C}.Release|x64.ActiveCfg = Release|x64
		{AA53EF89-E06B-4FFD-906F-8A43131DDC8C}.Release|x64.Build.0 = Release|x64
		{AA53EF89-E06B-4FFD-906F-8A43131DDC8C}.Release|x86.ActiveCfg = Release|Win32
		{AA53EF89-E06B-4FFD-906F-8A43131DDC8C}.Release|x86.Build.0 = Release|Win32
		{FC385D0E-0E6E-41ED-A7FC-B417542575EB}.Debug|x64.ActiveCfg = Debug|x64
		{FC385D0E-0E6E-41ED-A7FC-B417542575EB}.Debug|x64.Build.0 = Debug|x64
		{FC385D0E-0E6E-41ED-A7FC-B417542575EB}.Debug|x86.ActiveCfg = Debug|Win32
		{FC385D0E-0E6E-41ED-A7FC-B417542575EB}.Debug|x86.Build.0 = Debug|Win32
		{FC385D0E-0E6E-41ED-A7FC-B417542575EB}.Release|x64.ActiveCfg = Release|x64
		{FC385D0E-0E6E-41ED-A7FC-B417542575EB}.Release|x64.Build.0 = Release|x64
		{FC385D0E-0E6E-41ED-A7FC-B417542575EB}.Release|x86.ActiveCfg = Release|Win32
		{FC385D0E-0E6E-41ED-A7FC-B417542575EB}.Release|x86.Build.0 = Release|Win32
		{98747483-D192-461E-94E6-DE03018245ED}.Debug|x64.ActiveCfg = Debug|x64
		{98747483-D192-461E-94E6-DE03018245ED}.Debug|x64.Build.0 = Debug|x64
		{98747483-D192-461E-94E6-DE03018245ED}.Debug|x86.ActiveCfg = Debug|Win32
		{98747483-D192-461E-94E6-DE03018245ED}.Debug|x86.Build.0 = Debug|Win32
		{98747483-D192-461E-94E6-DE03018245ED}.Release|x64.ActiveCfg = Release|x64
		{98747483-D192-461E-94E6-DE03018245ED}.Release|x64.Build.0 = Release|x64
		{98747483-D192-461E-94E6-DE03018245ED}.Release|x86.ActiveCfg = Release|Win32
		{98747483-D192-461E-94E6-DE03018245ED}.Release|x86.Build.0 = Release|Win32
		{E6037C07-3353-406F-8922-FD3FDD57635E}.Debug|x64.ActiveCfg = Debug|x64
		{E6037C07-3353-406F-8922-FD3FDD57635E}.Debug|x64.Build.0 = Debug|x64
		{E6037C07-3353-406F-8922-FD3FDD57635E}.Debug|x86.ActiveCfg = Debug|Win32
		{E6037C07-3353-406F-8922-FD3FDD57635E}.Debug|x86.Build.0 = Debug|Win32
		{E6037C07-3353-406F-8922-FD3FDD57635E}.Release|x64.ActiveCfg = Release|x64
		{E6037C07-3353-406F-8922-FD3FDD57635E}.Release|x64.Build.0 = Release|x64
		{E6037C07-3353-406F-8922-FD3FDD57635E}.Release|x86.ActiveCfg = Release|Win32
		{E6037C07-3353-406F-8922-FD3FDD57635E}.Release|x86.Build.0 = Release|Win32
		{3080DF31-A189-41BE-8411-EF6A80C66EDE}.Debug|x64.ActiveCfg = Debug|x64
		{3080DF31-A189-41BE-8411-EF6A80C66EDE}.Debug|x64.Build.0 = Debug|x64
		{3080DF31-A189-41BE-8411-EF6A80C66EDE}.Debug|x86.ActiveCfg = Debug|Win32
		{3080DF31-A189-41BE-8411-EF6A80C66EDE}.Debug|x86.Build.0 = Debug|Win32
		{3080DF31-A189-41BE-8411-EF6A80C66EDE}.Release|x64.ActiveCfg = Release|x64
		{3080DF31-A189-41BE-8411-EF6A80C66EDE}.Release|x64.Build.0 = Release|x64
		{3080DF31-A189-41BE-8411-EF6A80C66EDE}.Release|x86.ActiveCfg = Release|Win32
		{3080DF31-A189-41BE-8411-EF6A80C66EDE}.Release|x86.Build.0 = Release|Win32
		{7D9CFACF-C01F-4FAA-906D-0D9BFA9AA76B}.Debug|x64.ActiveCfg = Debug|x64
		{7D9CFACF-C01F-4FAA-906D-0D9BFA9AA76B}.Debug|x64.Build.0 = Debug|x64
		{7D9CFACF-C01F-4FAA-906D-0D9BFA9AA76B}.Debug|x86.ActiveCfg = Debug|Win32
		{7D9CFACF-C01F-4FAA-906D-0D9BFA9AA76B}.Debug|x86.Build.0 = Debug|Win32
		{7D9CFACF-C01F-4FAA-906D-0D9BFA9AA76B}.Release|x64.ActiveCfg = Release|x64
		{7D9CFACF-C01F-4FAA-906D-0D9BFA9AA76B}.Release|x64.Build.0 = Release|x64
		{7D9CFACF-C01F-4FAA-906D-0D9BFA9AA76B}.Release|x86.ActiveCfg = Release|Win32
		{7D9CFACF-C01F-4FAA-906D-0D9BFA9AA76B}.Release|x86.Build.0 = Release|Win32
		{B0DE8ABB-52E6-43A3-911E-382BD4D463AA}.Debug|x64.ActiveCfg = Debug|x64
		{B0DE8ABB-52E6-43A3-911E-382BD4D463AA}.Debug|x64.Build.0 = Debug|x64
		{B0DE8ABB-52E6-43A3-911E-382BD4D463AA}.Debug|x86.ActiveCfg = Debug|Win32
		{B0DE8ABB-52E6-43A3-911E-382BD4D463AA}.Debug|x86.Build.0 = Debug|Win32
		{B0DE8ABB-52E6-43A3-911E-382BD4D463AA}.Release|x64.ActiveCfg = Release|x64
		{B0DE8ABB-52E6-43A3-911E-382BD4D463AA}.Release|x64.Build.0 = Release|x64
		{B0DE8ABB-52E6-43A3-911E-382BD4D463AA}.Release|x86.ActiveCfg = Release|Win32
		{B0DE8ABB-52E6-43A3-911E-382BD4D463AA}.Release|x86.Build.0 = Release|Win32
		{15A5D637-95A3-4267-B7A4-A03F61105E21}.Debug|x64.ActiveCfg = Debug|x64
		{15A5D637-95A3-4267-B7A4-A03F61105E21}.Debug|x64.Build.0 = Debug|x64
		{15A5D637-95A3-4267-B7A4-A03F61105E21}.Debug|x86.ActiveCfg = Debug|Win32
		{15A5D637-95A3-4267-B7A4-A03F61105E21}.Debug|x86.Build.0 = Debug|Win32
		{15A5D637-95A3-4267-B7A4-A03F61105E21}.Release|x64.ActiveCfg = Release|x64
		{15A5D637-95A3-4267-B7A4-A03F61105E21}.Release|x64.Build.0 = Release|x64
		{15A5D637-95A3-4267-B7A4-A03F61105E21}.Release|x86.ActiveCfg = Release|Win32
		{15A5D637-95A3-4267-B7A4-A03F61105E21}.Release|x86.Build.0 = Release|Win32
		{77EE2249-8AF6-4FDF-90AC-8D2C34BD6F9F}.Debug|x64.ActiveCfg = Debug|x64
		{77EE2249-8AF6-4FDF-90AC-8D2C34BD6F9F}.Debug|x64.Build.0 = Debug|x64
		{77EE2249-8AF6-4FDF-90AC-8D2C34BD6F9F}.Debug|x86.ActiveCfg = Debug|Win32
		{77EE2249-8AF6-4FDF-90AC-8D2C34BD6F9F}.Debug|x86.Build.0 = Debug|Win32
		{77EE2249-8AF6-4FDF-90AC-8D2C34BD6F9F}.Release|x64.ActiveCfg = Release|x64
		{77EE2249-8AF6-4FDF-90AC-8D2C34BD6F9F}.Release|x64.Build.0 = Release|x64
		{77EE2249-8AF6-4FDF-90AC-8D2C34BD6F9F}.Release|x86.ActiveCfg = Release|Win32
		{77EE2249-8AF6-4FDF-90AC-8D2C34BD6F9F}.Release|x86.Build.0 = Release|Win32
		{27023250-CD19-44D3-B961-1F6745733DC3}.Debug|x64.ActiveCfg = Debug|x64
		{27023250-CD19-44D3-B961-1F6745733DC3}.Debug|x64.Build.0 = Debug|x64
		{27023250-CD19-44D3-B961-1F6745733DC3}.Debug|x86.ActiveCfg = Debug|Win32
		{27023250-CD19-44D3-B961-1F6745733DC3}.Debug|x86.Build.0 = Debug|Win32
		{27023250-CD19-44D3-B961-1F6745733DC3}.Release|x64.ActiveCfg = Release|x64
		{27023250-CD19-44D3-B961-1F6745733DC3}.Release|x64.Build.0 = Release|x64
		{27023250-CD19-44D3-B961-1F6745733DC3}.Release|x86.ActiveCfg = Release|Win32
		{27023250-CD19-44D3-B961-1F6745733DC3}.Release|x86.Build.0 = Release|Win32
		{90A2775A-436C-4D3F-B942-13C91E8671C6}.Debug|x64.ActiveCfg = Debug|x64
		{90A2775A-436C-4D3F-B942-13C91E8671C6}.Debug|x64.Build.0 = Debug|x64
		{90A2775A-436C-4D3F-B942-13C91E8671C6}.Debug|x86.ActiveCfg = Debug|Win32
		{90A2775A-436C-4D3F-B942-13C91E8671C6}.Debug|x86.Build.0 = Debug|Win32
		{90A2775A-436C-4D3F-B942-13C91E8671C6}.Release|x64.ActiveCfg = Release|x64
		{90A2775A-436C-4D3F-B942-13C91E8671C6}.Release|x64.Build.0 = Release|x64
		{90A2775A-436C-4D3F-B942-13C91E8671C6}.Release|x86.ActiveCfg = Release|Win32
		{90A2775A-436C-4D3F-B942-13C91E8671C6}.Release|x86.Build.0 = Release|Win32
		{1600E974-8060-4404-B4DC-6A429643F312}.Debug|x64.ActiveCfg = Debug|x64
		{1600E974-8060-4404-B4DC-6A429643F312}.Debug|x64.Build.0 = Debug|x64
		{1600E974-8060-4404-B4DC-6A429643F312}.Debug|x86.ActiveCfg = Debug|Win32
		{1600E974-8060-4404-B4DC-6A429643F312}.Debug|x86.Build.0 = Debug|Win32
		{1600E974-8060-4404-B4DC-6A429643F312}.Release|x64.ActiveCfg = Release|x64
		{1600E974-8060-4404-B4DC-6A429643F312}.Release|x64.Build.0 = Release|x64
		{1600E974-8060-4404-B4DC-6A429643F312}.Release|x86.ActiveCfg = Release|Win32
		{1600E974-8060-4404-B4DC-6A429643F312}.Release|x86.Build.0 = Release|Win32
	EndGlobalSection
	GlobalSection(SolutionProperties) = preSolution
		HideSolutionNode = FALSE
	EndGlobalSection
	GlobalSection(ExtensibilityGlobals) = postSolution
		SolutionGuid = {E6DE74F2-9BDA-44FF-9F3D-3CBB965E2673}
	EndGlobalSection
EndGlobal
